dependencies:
  espressif/es8311:
    component_hash: eacbe7cb7f6993eb0f439121a56663cdfbf95925e7ddf5d2ed5aa640bed476fd
    dependencies:
    - name: idf
      require: private
      version: '>=4.4'
    source:
      registry_url: https://components.espressif.com/
      type: service
    version: 1.0.0
  idf:
    source:
      type: idf
    version: 5.2.0
direct_dependencies:
- espressif/es8311
- idf
manifest_hash: 8decef56d8dd68c90c189c3923a93c7c335eaa8a2c36e93c2d927f0e997afc86
target: esp32s3
version: 2.0.0
